// !$*UTF8*$!
{
	archiveVersion = 1;
	classes = {
	};
	objectVersion = 56;
	objects = {

/* Begin PBXBuildFile section */
		1603BDA42A42FD8D008B74F9 /* DetailsView.swift in Sources */ = {isa = PBXBuildFile; fileRef = 1603BDA32A42FD8D008B74F9 /* DetailsView.swift */; };
		167330812A4304C300DB20DE /* Crypto.swift in Sources */ = {isa = PBXBuildFile; fileRef = 167330802A4304C300DB20DE /* Crypto.swift */; };
		167330832A4305A900DB20DE /* CryptoAPI.swift in Sources */ = {isa = PBXBuildFile; fileRef = 167330822A4305A900DB20DE /* CryptoAPI.swift */; };
		16E747862A41B49100DC3FD8 /* AppDelegate.swift in Sources */ = {isa = PBXBuildFile; fileRef = 16E747852A41B49100DC3FD8 /* AppDelegate.swift */; };
		16E747882A41B49100DC3FD8 /* SceneDelegate.swift in Sources */ = {isa = PBXBuildFile; fileRef = 16E747872A41B49100DC3FD8 /* SceneDelegate.swift */; };
		16E7478A2A41B49100DC3FD8 /* ViewController.swift in Sources */ = {isa = PBXBuildFile; fileRef = 16E747892A41B49100DC3FD8 /* ViewController.swift */; };
		16E7478F2A41B49200DC3FD8 /* Assets.xcassets in Resources */ = {isa = PBXBuildFile; fileRef = 16E7478E2A41B49200DC3FD8 /* Assets.xcassets */; };
		16E747922A41B49200DC3FD8 /* LaunchScreen.storyboard in Resources */ = {isa = PBXBuildFile; fileRef = 16E747902A41B49200DC3FD8 /* LaunchScreen.storyboard */; };
		16E747A22A41B8F900DC3FD8 /* CustmoCell.swift in Sources */ = {isa = PBXBuildFile; fileRef = 16E747A12A41B8F900DC3FD8 /* CustmoCell.swift */; };
		16E747A82A41C85000DC3FD8 /* ViewController + UICollectionViewDataSource.swift in Sources */ = {isa = PBXBuildFile; fileRef = 16E747A72A41C85000DC3FD8 /* ViewController + UICollectionViewDataSource.swift */; };
		16E747AA2A41C88E00DC3FD8 /* ViewController + UICollectionViewDelegate.swift in Sources */ = {isa = PBXBuildFile; fileRef = 16E747A92A41C88E00DC3FD8 /* ViewController + UICollectionViewDelegate.swift */; };
		16E747AE2A41CDA900DC3FD8 /* DetailsVC.swift in Sources */ = {isa = PBXBuildFile; fileRef = 16E747AD2A41CDA900DC3FD8 /* DetailsVC.swift */; };
/* End PBXBuildFile section */

/* Begin PBXFileReference section */
		1603BDA32A42FD8D008B74F9 /* DetailsView.swift */ = {isa = PBXFileReference; lastKnownFileType = sourcecode.swift; path = DetailsView.swift; sourceTree = "<group>"; };
		167330802A4304C300DB20DE /* Crypto.swift */ = {isa = PBXFileReference; lastKnownFileType = sourcecode.swift; path = Crypto.swift; sourceTree = "<group>"; };
		167330822A4305A900DB20DE /* CryptoAPI.swift */ = {isa = PBXFileReference; lastKnownFileType = sourcecode.swift; path = CryptoAPI.swift; sourceTree = "<group>"; };
		16E747822A41B49100DC3FD8 /* CryptoAnalizer.app */ = {isa = PBXFileReference; explicitFileType = wrapper.application; includeInIndex = 0; path = CryptoAnalizer.app; sourceTree = BUILT_PRODUCTS_DIR; };
		16E747852A41B49100DC3FD8 /* AppDelegate.swift */ = {isa = PBXFileReference; lastKnownFileType = sourcecode.swift; path = AppDelegate.swift; sourceTree = "<group>"; };
		16E747872A41B49100DC3FD8 /* SceneDelegate.swift */ = {isa = PBXFileReference; lastKnownFileType = sourcecode.swift; path = SceneDelegate.swift; sourceTree = "<group>"; };
		16E747892A41B49100DC3FD8 /* ViewController.swift */ = {isa = PBXFileReference; lastKnownFileType = sourcecode.swift; path = ViewController.swift; sourceTree = "<group>"; };
		16E7478E2A41B49200DC3FD8 /* Assets.xcassets */ = {isa = PBXFileReference; lastKnownFileType = folder.assetcatalog; path = Assets.xcassets; sourceTree = "<group>"; };
		16E747912A41B49200DC3FD8 /* Base */ = {isa = PBXFileReference; lastKnownFileType = file.storyboard; name = Base; path = Base.lproj/LaunchScreen.storyboard; sourceTree = "<group>"; };
		16E747932A41B49200DC3FD8 /* Info.plist */ = {isa = PBXFileReference; lastKnownFileType = text.plist.xml; path = Info.plist; sourceTree = "<group>"; };
		16E747A12A41B8F900DC3FD8 /* CustmoCell.swift */ = {isa = PBXFileReference; lastKnownFileType = sourcecode.swift; path = CustmoCell.swift; sourceTree = "<group>"; };
		16E747A72A41C85000DC3FD8 /* ViewController + UICollectionViewDataSource.swift */ = {isa = PBXFileReference; lastKnownFileType = sourcecode.swift; path = "ViewController + UICollectionViewDataSource.swift"; sourceTree = "<group>"; };
		16E747A92A41C88E00DC3FD8 /* ViewController + UICollectionViewDelegate.swift */ = {isa = PBXFileReference; lastKnownFileType = sourcecode.swift; path = "ViewController + UICollectionViewDelegate.swift"; sourceTree = "<group>"; };
		16E747AD2A41CDA900DC3FD8 /* DetailsVC.swift */ = {isa = PBXFileReference; lastKnownFileType = sourcecode.swift; path = DetailsVC.swift; sourceTree = "<group>"; };
/* End PBXFileReference section */

/* Begin PBXFrameworksBuildPhase section */
		16E7477F2A41B49100DC3FD8 /* Frameworks */ = {
			isa = PBXFrameworksBuildPhase;
			buildActionMask = 2147483647;
			files = (
			);
			runOnlyForDeploymentPostprocessing = 0;
		};
/* End PBXFrameworksBuildPhase section */

/* Begin PBXGroup section */
		16E747792A41B49100DC3FD8 = {
			isa = PBXGroup;
			children = (
				16E747842A41B49100DC3FD8 /* CryptoAnalizer */,
				16E747832A41B49100DC3FD8 /* Products */,
			);
			sourceTree = "<group>";
		};
		16E747832A41B49100DC3FD8 /* Products */ = {
			isa = PBXGroup;
			children = (
				16E747822A41B49100DC3FD8 /* CryptoAnalizer.app */,
			);
			name = Products;
			sourceTree = "<group>";
		};
		16E747842A41B49100DC3FD8 /* CryptoAnalizer */ = {
			isa = PBXGroup;
			children = (
				16E747992A41B50C00DC3FD8 /* Delegate */,
				16E7479A2A41B51B00DC3FD8 /* Model */,
				16E7479B2A41B52400DC3FD8 /* View */,
				16FC03F42A44B25C0036585F /* Conttollers */,
				16E7478E2A41B49200DC3FD8 /* Assets.xcassets */,
				16E747902A41B49200DC3FD8 /* LaunchScreen.storyboard */,
				16E747932A41B49200DC3FD8 /* Info.plist */,
			);
			path = CryptoAnalizer;
			sourceTree = "<group>";
		};
		16E747992A41B50C00DC3FD8 /* Delegate */ = {
			isa = PBXGroup;
			children = (
				16E747852A41B49100DC3FD8 /* AppDelegate.swift */,
				16E747872A41B49100DC3FD8 /* SceneDelegate.swift */,
			);
			path = Delegate;
			sourceTree = "<group>";
		};
		16E7479A2A41B51B00DC3FD8 /* Model */ = {
			isa = PBXGroup;
			children = (
				167330802A4304C300DB20DE /* Crypto.swift */,
				167330822A4305A900DB20DE /* CryptoAPI.swift */,
			);
			path = Model;
			sourceTree = "<group>";
		};
		16E7479B2A41B52400DC3FD8 /* View */ = {
			isa = PBXGroup;
			children = (
				16E747892A41B49100DC3FD8 /* ViewController.swift */,
				16E747A72A41C85000DC3FD8 /* ViewController + UICollectionViewDataSource.swift */,
				16E747A92A41C88E00DC3FD8 /* ViewController + UICollectionViewDelegate.swift */,
				16E747AD2A41CDA900DC3FD8 /* DetailsVC.swift */,
				16E747A12A41B8F900DC3FD8 /* CustmoCell.swift */,
				1603BDA32A42FD8D008B74F9 /* DetailsView.swift */,
			);
			path = View;
			sourceTree = "<group>";
		};
		16FC03F42A44B25C0036585F /* Conttollers */ = {
			isa = PBXGroup;
			children = (
			);
			path = Conttollers;
			sourceTree = "<group>";
		};
/* End PBXGroup section */

/* Begin PBXNativeTarget section */
		16E747812A41B49100DC3FD8 /* CryptoAnalizer */ = {
			isa = PBXNativeTarget;
			buildConfigurationList = 16E747962A41B49300DC3FD8 /* Build configuration list for PBXNativeTarget "CryptoAnalizer" */;
			buildPhases = (
				16E7477E2A41B49100DC3FD8 /* Sources */,
				16E7477F2A41B49100DC3FD8 /* Frameworks */,
				16E747802A41B49100DC3FD8 /* Resources */,
			);
			buildRules = (
			);
			dependencies = (
			);
			name = CryptoAnalizer;
			productName = CryptoAnalizer;
			productReference = 16E747822A41B49100DC3FD8 /* CryptoAnalizer.app */;
			productType = "com.apple.product-type.application";
		};
/* End PBXNativeTarget section */

/* Begin PBXProject section */
		16E7477A2A41B49100DC3FD8 /* Project object */ = {
			isa = PBXProject;
			attributes = {
				BuildIndependentTargetsInParallel = 1;
				LastSwiftUpdateCheck = 1420;
				LastUpgradeCheck = 1420;
				TargetAttributes = {
					16E747812A41B49100DC3FD8 = {
						CreatedOnToolsVersion = 14.2;
					};
				};
			};
			buildConfigurationList = 16E7477D2A41B49100DC3FD8 /* Build configuration list for PBXProject "CryptoAnalizer" */;
			compatibilityVersion = "Xcode 14.0";
			developmentRegion = en;
			hasScannedForEncodings = 0;
			knownRegions = (
				en,
				Base,
			);
			mainGroup = 16E747792A41B49100DC3FD8;
			productRefGroup = 16E747832A41B49100DC3FD8 /* Products */;
			projectDirPath = "";
			projectRoot = "";
			targets = (
				16E747812A41B49100DC3FD8 /* CryptoAnalizer */,
			);
		};
/* End PBXProject section */

/* Begin PBXResourcesBuildPhase section */
		16E747802A41B49100DC3FD8 /* Resources */ = {
			isa = PBXResourcesBuildPhase;
			buildActionMask = 2147483647;
			files = (
				16E747922A41B49200DC3FD8 /* LaunchScreen.storyboard in Resources */,
				16E7478F2A41B49200DC3FD8 /* Assets.xcassets in Resources */,
			);
			runOnlyForDeploymentPostprocessing = 0;
		};
/* End PBXResourcesBuildPhase section */

/* Begin PBXSourcesBuildPhase section */
		16E7477E2A41B49100DC3FD8 /* Sources */ = {
			isa = PBXSourcesBuildPhase;
			buildActionMask = 2147483647;
			files = (
				16E747AA2A41C88E00DC3FD8 /* ViewController + UICollectionViewDelegate.swift in Sources */,
				16E747A82A41C85000DC3FD8 /* ViewController + UICollectionViewDataSource.swift in Sources */,
				16E7478A2A41B49100DC3FD8 /* ViewController.swift in Sources */,
				167330832A4305A900DB20DE /* CryptoAPI.swift in Sources */,
				16E747862A41B49100DC3FD8 /* AppDelegate.swift in Sources */,
				16E747AE2A41CDA900DC3FD8 /* DetailsVC.swift in Sources */,
				1603BDA42A42FD8D008B74F9 /* DetailsView.swift in Sources */,
				16E747A22A41B8F900DC3FD8 /* CustmoCell.swift in Sources */,
				167330812A4304C300DB20DE /* Crypto.swift in Sources */,
				16E747882A41B49100DC3FD8 /* SceneDelegate.swift in Sources */,
			);
			runOnlyForDeploymentPostprocessing = 0;
		};
/* End PBXSourcesBuildPhase section */

/* Begin PBXVariantGroup section */
		16E747902A41B49200DC3FD8 /* LaunchScreen.storyboard */ = {
			isa = PBXVariantGroup;
			children = (
				16E747912A41B49200DC3FD8 /* Base */,
			);
			name = LaunchScreen.storyboard;
			sourceTree = "<group>";
		};
/* End PBXVariantGroup section */

/* Begin XCBuildConfiguration section */
		16E747942A41B49300DC3FD8 /* Debug */ = {
			isa = XCBuildConfiguration;
			buildSettings = {
				ALWAYS_SEARCH_USER_PATHS = NO;
				CLANG_ANALYZER_NONNULL = YES;
				CLANG_ANALYZER_NUMBER_OBJECT_CONVERSION = YES_AGGRESSIVE;
				CLANG_CXX_LANGUAGE_STANDARD = "gnu++20";
				CLANG_ENABLE_MODULES = YES;
				CLANG_ENABLE_OBJC_ARC = YES;
				CLANG_ENABLE_OBJC_WEAK = YES;
				CLANG_WARN_BLOCK_CAPTURE_AUTORELEASING = YES;
				CLANG_WARN_BOOL_CONVERSION = YES;
				CLANG_WARN_COMMA = YES;
				CLANG_WARN_CONSTANT_CONVERSION = YES;
				CLANG_WARN_DEPRECATED_OBJC_IMPLEMENTATIONS = YES;
				CLANG_WARN_DIRECT_OBJC_ISA_USAGE = YES_ERROR;
				CLANG_WARN_DOCUMENTATION_COMMENTS = YES;
				CLANG_WARN_EMPTY_BODY = YES;
				CLANG_WARN_ENUM_CONVERSION = YES;
				CLANG_WARN_INFINITE_RECURSION = YES;
				CLANG_WARN_INT_CONVERSION = YES;
				CLANG_WARN_NON_LITERAL_NULL_CONVERSION = YES;
				CLANG_WARN_OBJC_IMPLICIT_RETAIN_SELF = YES;
				CLANG_WARN_OBJC_LITERAL_CONVERSION = YES;
				CLANG_WARN_OBJC_ROOT_CLASS = YES_ERROR;
				CLANG_WARN_QUOTED_INCLUDE_IN_FRAMEWORK_HEADER = YES;
				CLANG_WARN_RANGE_LOOP_ANALYSIS = YES;
				CLANG_WARN_STRICT_PROTOTYPES = YES;
				CLANG_WARN_SUSPICIOUS_MOVE = YES;
				CLANG_WARN_UNGUARDED_AVAILABILITY = YES_AGGRESSIVE;
				CLANG_WARN_UNREACHABLE_CODE = YES;
				CLANG_WARN__DUPLICATE_METHOD_MATCH = YES;
				COPY_PHASE_STRIP = NO;
				DEBUG_INFORMATION_FORMAT = dwarf;
				ENABLE_STRICT_OBJC_MSGSEND = YES;
				ENABLE_TESTABILITY = YES;
				GCC_C_LANGUAGE_STANDARD = gnu11;
				GCC_DYNAMIC_NO_PIC = NO;
				GCC_NO_COMMON_BLOCKS = YES;
				GCC_OPTIMIZATION_LEVEL = 0;
				GCC_PREPROCESSOR_DEFINITIONS = (
					"DEBUG=1",
					"$(inherited)",
				);
				GCC_WARN_64_TO_32_BIT_CONVERSION = YES;
				GCC_WARN_ABOUT_RETURN_TYPE = YES_ERROR;
				GCC_WARN_UNDECLARED_SELECTOR = YES;
				GCC_WARN_UNINITIALIZED_AUTOS = YES_AGGRESSIVE;
				GCC_WARN_UNUSED_FUNCTION = YES;
				GCC_WARN_UNUSED_VARIABLE = YES;
				IPHONEOS_DEPLOYMENT_TARGET = 16.2;
				MTL_ENABLE_DEBUG_INFO = INCLUDE_SOURCE;
				MTL_FAST_MATH = YES;
				ONLY_ACTIVE_ARCH = YES;
				SDKROOT = iphoneos;
				SWIFT_ACTIVE_COMPILATION_CONDITIONS = DEBUG;
				SWIFT_OPTIMIZATION_LEVEL = "-Onone";
			};
			name = Debug;
		};
		16E747952A41B49300DC3FD8 /* Release */ = {
			isa = XCBuildConfiguration;
			buildSettings = {
				ALWAYS_SEARCH_USER_PATHS = NO;
				CLANG_ANALYZER_NONNULL = YES;
				CLANG_ANALYZER_NUMBER_OBJECT_CONVERSION = YES_AGGRESSIVE;
				CLANG_CXX_LANGUAGE_STANDARD = "gnu++20";
				CLANG_ENABLE_MODULES = YES;
				CLANG_ENABLE_OBJC_ARC = YES;
				CLANG_ENABLE_OBJC_WEAK = YES;
				CLANG_WARN_BLOCK_CAPTURE_AUTORELEASING = YES;
				CLANG_WARN_BOOL_CONVERSION = YES;
				CLANG_WARN_COMMA = YES;
				CLANG_WARN_CONSTANT_CONVERSION = YES;
				CLANG_WARN_DEPRECATED_OBJC_IMPLEMENTATIONS = YES;
				CLANG_WARN_DIRECT_OBJC_ISA_USAGE = YES_ERROR;
				CLANG_WARN_DOCUMENTATION_COMMENTS = YES;
				CLANG_WARN_EMPTY_BODY = YES;
				CLANG_WARN_ENUM_CONVERSION = YES;
				CLANG_WARN_INFINITE_RECURSION = YES;
				CLANG_WARN_INT_CONVERSION = YES;
				CLANG_WARN_NON_LITERAL_NULL_CONVERSION = YES;
				CLANG_WARN_OBJC_IMPLICIT_RETAIN_SELF = YES;
				CLANG_WARN_OBJC_LITERAL_CONVERSION = YES;
				CLANG_WARN_OBJC_ROOT_CLASS = YES_ERROR;
				CLANG_WARN_QUOTED_INCLUDE_IN_FRAMEWORK_HEADER = YES;
				CLANG_WARN_RANGE_LOOP_ANALYSIS = YES;
				CLANG_WARN_STRICT_PROTOTYPES = YES;
				CLANG_WARN_SUSPICIOUS_MOVE = YES;
				CLANG_WARN_UNGUARDED_AVAILABILITY = YES_AGGRESSIVE;
				CLANG_WARN_UNREACHABLE_CODE = YES;
				CLANG_WARN__DUPLICATE_METHOD_MATCH = YES;
				COPY_PHASE_STRIP = NO;
				DEBUG_INFORMATION_FORMAT = "dwarf-with-dsym";
				ENABLE_NS_ASSERTIONS = NO;
				ENABLE_STRICT_OBJC_MSGSEND = YES;
				GCC_C_LANGUAGE_STANDARD = gnu11;
				GCC_NO_COMMON_BLOCKS = YES;
				GCC_WARN_64_TO_32_BIT_CONVERSION = YES;
				GCC_WARN_ABOUT_RETURN_TYPE = YES_ERROR;
				GCC_WARN_UNDECLARED_SELECTOR = YES;
				GCC_WARN_UNINITIALIZED_AUTOS = YES_AGGRESSIVE;
				GCC_WARN_UNUSED_FUNCTION = YES;
				GCC_WARN_UNUSED_VARIABLE = YES;
				IPHONEOS_DEPLOYMENT_TARGET = 16.2;
				MTL_ENABLE_DEBUG_INFO = NO;
				MTL_FAST_MATH = YES;
				SDKROOT = iphoneos;
				SWIFT_COMPILATION_MODE = wholemodule;
				SWIFT_OPTIMIZATION_LEVEL = "-O";
				VALIDATE_PRODUCT = YES;
			};
			name = Release;
		};
		16E747972A41B49300DC3FD8 /* Debug */ = {
			isa = XCBuildConfiguration;
			buildSettings = {
				ASSETCATALOG_COMPILER_APPICON_NAME = AppIcon;
				ASSETCATALOG_COMPILER_GLOBAL_ACCENT_COLOR_NAME = AccentColor;
				CODE_SIGN_STYLE = Automatic;
				CURRENT_PROJECT_VERSION = 1;
				DEVELOPMENT_TEAM = W9HWC54SK4;
				GENERATE_INFOPLIST_FILE = YES;
				INFOPLIST_FILE = CryptoAnalizer/Info.plist;
				INFOPLIST_KEY_UIApplicationSupportsIndirectInputEvents = YES;
				INFOPLIST_KEY_UILaunchStoryboardName = LaunchScreen;
				INFOPLIST_KEY_UISupportedInterfaceOrientations_iPad = "UIInterfaceOrientationPortrait UIInterfaceOrientationPortraitUpsideDown UIInterfaceOrientationLandscapeLeft UIInterfaceOrientationLandscapeRight";
				INFOPLIST_KEY_UISupportedInterfaceOrientations_iPhone = "UIInterfaceOrientationPortrait UIInterfaceOrientationLandscapeLeft UIInterfaceOrientationLandscapeRight";
				LD_RUNPATH_SEARCH_PATHS = (
					"$(inherited)",
					"@executable_path/Frameworks",
				);
				MARKETING_VERSION = 1.0;
				PRODUCT_BUNDLE_IDENTIFIER = com.IslamCrew.CryptoAnalizer;
				PRODUCT_NAME = "$(TARGET_NAME)";
				SWIFT_EMIT_LOC_STRINGS = YES;
				SWIFT_VERSION = 5.0;
				TARGETED_DEVICE_FAMILY = "1,2";
			};
			name = Debug;
		};
		16E747982A41B49300DC3FD8 /* Release */ = {
			isa = XCBuildConfiguration;
			buildSettings = {
				ASSETCATALOG_COMPILER_APPICON_NAME = AppIcon;
				ASSETCATALOG_COMPILER_GLOBAL_ACCENT_COLOR_NAME = AccentColor;
				CODE_SIGN_STYLE = Automatic;
				CURRENT_PROJECT_VERSION = 1;
				DEVELOPMENT_TEAM = W9HWC54SK4;
				GENERATE_INFOPLIST_FILE = YES;
				INFOPLIST_FILE = CryptoAnalizer/Info.plist;
				INFOPLIST_KEY_UIApplicationSupportsIndirectInputEvents = YES;
				INFOPLIST_KEY_UILaunchStoryboardName = LaunchScreen;
				INFOPLIST_KEY_UISupportedInterfaceOrientations_iPad = "UIInterfaceOrientationPortrait UIInterfaceOrientationPortraitUpsideDown UIInterfaceOrientationLandscapeLeft UIInterfaceOrientationLandscapeRight";
				INFOPLIST_KEY_UISupportedInterfaceOrientations_iPhone = "UIInterfaceOrientationPortrait UIInterfaceOrientationLandscapeLeft UIInterfaceOrientationLandscapeRight";
				LD_RUNPATH_SEARCH_PATHS = (
					"$(inherited)",
					"@executable_path/Frameworks",
				);
				MARKETING_VERSION = 1.0;
				PRODUCT_BUNDLE_IDENTIFIER = com.IslamCrew.CryptoAnalizer;
				PRODUCT_NAME = "$(TARGET_NAME)";
				SWIFT_EMIT_LOC_STRINGS = YES;
				SWIFT_VERSION = 5.0;
				TARGETED_DEVICE_FAMILY = "1,2";
			};
			name = Release;
		};
/* End XCBuildConfiguration section */

/* Begin XCConfigurationList section */
		16E7477D2A41B49100DC3FD8 /* Build configuration list for PBXProject "CryptoAnalizer" */ = {
			isa = XCConfigurationList;
			buildConfigurations = (
				16E747942A41B49300DC3FD8 /* Debug */,
				16E747952A41B49300DC3FD8 /* Release */,
			);
			defaultConfigurationIsVisible = 0;
			defaultConfigurationName = Release;
		};
		16E747962A41B49300DC3FD8 /* Build configuration list for PBXNativeTarget "CryptoAnalizer" */ = {
			isa = XCConfigurationList;
			buildConfigurations = (
				16E747972A41B49300DC3FD8 /* Debug */,
				16E747982A41B49300DC3FD8 /* Release */,
			);
			defaultConfigurationIsVisible = 0;
			defaultConfigurationName = Release;
		};
/* End XCConfigurationList section */
	};
	rootObject = 16E7477A2A41B49100DC3FD8 /* Project object */;
}
